
Microsoft Visual Studio Solution File, Format Version 12.00
# Visual Studio Version 16
VisualStudioVersion = 16.0.29503.13
MinimumVisualStudioVersion = 10.0.40219.1
Project("{FAE04EC0-301F-11D3-BF4B-00C04F79EFBC}") = "CatalogoDeProduto.App.Mobile.UWP", "CatalogoDeProduto.App.Mobile\CatalogoDeProduto.App.Mobile.UWP\CatalogoDeProduto.App.Mobile.UWP.csproj", "{E1460590-4EF6-4307-9A79-6E3D9882AB24}"
EndProject
Project("{FAE04EC0-301F-11D3-BF4B-00C04F79EFBC}") = "CatalogoDeProduto.App.Mobile.Android", "CatalogoDeProduto.App.Mobile\CatalogoDeProduto.App.Mobile.Android\CatalogoDeProduto.App.Mobile.Android.csproj", "{02C92860-DC9C-47CD-A547-59261E0A9B00}"
EndProject
Project("{FAE04EC0-301F-11D3-BF4B-00C04F79EFBC}") = "CatalogoDeProduto.App.Mobile.iOS", "CatalogoDeProduto.App.Mobile\CatalogoDeProduto.App.Mobile.iOS\CatalogoDeProduto.App.Mobile.iOS.csproj", "{D52D86F8-F800-4FF7-9968-153647894DEA}"
EndProject
Project("{FAE04EC0-301F-11D3-BF4B-00C04F79EFBC}") = "CatalogoDeProduto.App.Mobile", "CatalogoDeProduto.App.Mobile\CatalogoDeProduto.App.Mobile\CatalogoDeProduto.App.Mobile.csproj", "{2C1FB92B-0B73-477C-9454-65B56B38929D}"
EndProject
Global
	GlobalSection(SolutionConfigurationPlatforms) = preSolution
		Debug|Any CPU = Debug|Any CPU
		Debug|ARM = Debug|ARM
		Debug|iPhone = Debug|iPhone
		Debug|iPhoneSimulator = Debug|iPhoneSimulator
		Debug|x64 = Debug|x64
		Debug|x86 = Debug|x86
		Release|Any CPU = Release|Any CPU
		Release|ARM = Release|ARM
		Release|iPhone = Release|iPhone
		Release|iPhoneSimulator = Release|iPhoneSimulator
		Release|x64 = Release|x64
		Release|x86 = Release|x86
	EndGlobalSection
	GlobalSection(ProjectConfigurationPlatforms) = postSolution
		{E1460590-4EF6-4307-9A79-6E3D9882AB24}.Debug|Any CPU.ActiveCfg = Debug|x86
		{E1460590-4EF6-4307-9A79-6E3D9882AB24}.Debug|Any CPU.Build.0 = Debug|x86
		{E1460590-4EF6-4307-9A79-6E3D9882AB24}.Debug|Any CPU.Deploy.0 = Debug|x86
		{E1460590-4EF6-4307-9A79-6E3D9882AB24}.Debug|ARM.ActiveCfg = Debug|ARM
		{E1460590-4EF6-4307-9A79-6E3D9882AB24}.Debug|ARM.Build.0 = Debug|ARM
		{E1460590-4EF6-4307-9A79-6E3D9882AB24}.Debug|ARM.Deploy.0 = Debug|ARM
		{E1460590-4EF6-4307-9A79-6E3D9882AB24}.Debug|iPhone.ActiveCfg = Debug|x86
		{E1460590-4EF6-4307-9A79-6E3D9882AB24}.Debug|iPhone.Build.0 = Debug|x86
		{E1460590-4EF6-4307-9A79-6E3D9882AB24}.Debug|iPhone.Deploy.0 = Debug|x86
		{E1460590-4EF6-4307-9A79-6E3D9882AB24}.Debug|iPhoneSimulator.ActiveCfg = Debug|x86
		{E1460590-4EF6-4307-9A79-6E3D9882AB24}.Debug|iPhoneSimulator.Build.0 = Debug|x86
		{E1460590-4EF6-4307-9A79-6E3D9882AB24}.Debug|iPhoneSimulator.Deploy.0 = Debug|x86
		{E1460590-4EF6-4307-9A79-6E3D9882AB24}.Debug|x64.ActiveCfg = Debug|x64
		{E1460590-4EF6-4307-9A79-6E3D9882AB24}.Debug|x64.Build.0 = Debug|x64
		{E1460590-4EF6-4307-9A79-6E3D9882AB24}.Debug|x64.Deploy.0 = Debug|x64
		{E1460590-4EF6-4307-9A79-6E3D9882AB24}.Debug|x86.ActiveCfg = Debug|x86
		{E1460590-4EF6-4307-9A79-6E3D9882AB24}.Debug|x86.Build.0 = Debug|x86
		{E1460590-4EF6-4307-9A79-6E3D9882AB24}.Debug|x86.Deploy.0 = Debug|x86
		{E1460590-4EF6-4307-9A79-6E3D9882AB24}.Release|Any CPU.ActiveCfg = Release|x86
		{E1460590-4EF6-4307-9A79-6E3D9882AB24}.Release|Any CPU.Build.0 = Release|x86
		{E1460590-4EF6-4307-9A79-6E3D9882AB24}.Release|Any CPU.Deploy.0 = Release|x86
		{E1460590-4EF6-4307-9A79-6E3D9882AB24}.Release|ARM.ActiveCfg = Release|ARM
		{E1460590-4EF6-4307-9A79-6E3D9882AB24}.Release|ARM.Build.0 = Release|ARM
		{E1460590-4EF6-4307-9A79-6E3D9882AB24}.Release|ARM.Deploy.0 = Release|ARM
		{E1460590-4EF6-4307-9A79-6E3D9882AB24}.Release|iPhone.ActiveCfg = Release|x86
		{E1460590-4EF6-4307-9A79-6E3D9882AB24}.Release|iPhone.Build.0 = Release|x86
		{E1460590-4EF6-4307-9A79-6E3D9882AB24}.Release|iPhone.Deploy.0 = Release|x86
		{E1460590-4EF6-4307-9A79-6E3D9882AB24}.Release|iPhoneSimulator.ActiveCfg = Release|x86
		{E1460590-4EF6-4307-9A79-6E3D9882AB24}.Release|iPhoneSimulator.Build.0 = Release|x86
		{E1460590-4EF6-4307-9A79-6E3D9882AB24}.Release|iPhoneSimulator.Deploy.0 = Release|x86
		{E1460590-4EF6-4307-9A79-6E3D9882AB24}.Release|x64.ActiveCfg = Release|x64
		{E1460590-4EF6-4307-9A79-6E3D9882AB24}.Release|x64.Build.0 = Release|x64
		{E1460590-4EF6-4307-9A79-6E3D9882AB24}.Release|x64.Deploy.0 = Release|x64
		{E1460590-4EF6-4307-9A79-6E3D9882AB24}.Release|x86.ActiveCfg = Release|x86
		{E1460590-4EF6-4307-9A79-6E3D9882AB24}.Release|x86.Build.0 = Release|x86
		{E1460590-4EF6-4307-9A79-6E3D9882AB24}.Release|x86.Deploy.0 = Release|x86
		{02C92860-DC9C-47CD-A547-59261E0A9B00}.Debug|Any CPU.ActiveCfg = Debug|Any CPU
		{02C92860-DC9C-47CD-A547-59261E0A9B00}.Debug|Any CPU.Build.0 = Debug|Any CPU
		{02C92860-DC9C-47CD-A547-59261E0A9B00}.Debug|Any CPU.Deploy.0 = Debug|Any CPU
		{02C92860-DC9C-47CD-A547-59261E0A9B00}.Debug|ARM.ActiveCfg = Debug|Any CPU
		{02C92860-DC9C-47CD-A547-59261E0A9B00}.Debug|ARM.Build.0 = Debug|Any CPU
		{02C92860-DC9C-47CD-A547-59261E0A9B00}.Debug|ARM.Deploy.0 = Debug|Any CPU
		{02C92860-DC9C-47CD-A547-59261E0A9B00}.Debug|iPhone.ActiveCfg = Debug|Any CPU
		{02C92860-DC9C-47CD-A547-59261E0A9B00}.Debug|iPhone.Build.0 = Debug|Any CPU
		{02C92860-DC9C-47CD-A547-59261E0A9B00}.Debug|iPhone.Deploy.0 = Debug|Any CPU
		{02C92860-DC9C-47CD-A547-59261E0A9B00}.Debug|iPhoneSimulator.ActiveCfg = Debug|Any CPU
		{02C92860-DC9C-47CD-A547-59261E0A9B00}.Debug|iPhoneSimulator.Build.0 = Debug|Any CPU
		{02C92860-DC9C-47CD-A547-59261E0A9B00}.Debug|iPhoneSimulator.Deploy.0 = Debug|Any CPU
		{02C92860-DC9C-47CD-A547-59261E0A9B00}.Debug|x64.ActiveCfg = Debug|Any CPU
		{02C92860-DC9C-47CD-A547-59261E0A9B00}.Debug|x64.Build.0 = Debug|Any CPU
		{02C92860-DC9C-47CD-A547-59261E0A9B00}.Debug|x64.Deploy.0 = Debug|Any CPU
		{02C92860-DC9C-47CD-A547-59261E0A9B00}.Debug|x86.ActiveCfg = Debug|Any CPU
		{02C92860-DC9C-47CD-A547-59261E0A9B00}.Debug|x86.Build.0 = Debug|Any CPU
		{02C92860-DC9C-47CD-A547-59261E0A9B00}.Debug|x86.Deploy.0 = Debug|Any CPU
		{02C92860-DC9C-47CD-A547-59261E0A9B00}.Release|Any CPU.ActiveCfg = Release|Any CPU
		{02C92860-DC9C-47CD-A547-59261E0A9B00}.Release|Any CPU.Build.0 = Release|Any CPU
		{02C92860-DC9C-47CD-A547-59261E0A9B00}.Release|Any CPU.Deploy.0 = Release|Any CPU
		{02C92860-DC9C-47CD-A547-59261E0A9B00}.Release|ARM.ActiveCfg = Release|Any CPU
		{02C92860-DC9C-47CD-A547-59261E0A9B00}.Release|ARM.Build.0 = Release|Any CPU
		{02C92860-DC9C-47CD-A547-59261E0A9B00}.Release|ARM.Deploy.0 = Release|Any CPU
		{02C92860-DC9C-47CD-A547-59261E0A9B00}.Release|iPhone.ActiveCfg = Release|Any CPU
		{02C92860-DC9C-47CD-A547-59261E0A9B00}.Release|iPhone.Build.0 = Release|Any CPU
		{02C92860-DC9C-47CD-A547-59261E0A9B00}.Release|iPhone.Deploy.0 = Release|Any CPU
		{02C92860-DC9C-47CD-A547-59261E0A9B00}.Release|iPhoneSimulator.ActiveCfg = Release|Any CPU
		{02C92860-DC9C-47CD-A547-59261E0A9B00}.Release|iPhoneSimulator.Build.0 = Release|Any CPU
		{02C92860-DC9C-47CD-A547-59261E0A9B00}.Release|iPhoneSimulator.Deploy.0 = Release|Any CPU
		{02C92860-DC9C-47CD-A547-59261E0A9B00}.Release|x64.ActiveCfg = Release|Any CPU
		{02C92860-DC9C-47CD-A547-59261E0A9B00}.Release|x64.Build.0 = Release|Any CPU
		{02C92860-DC9C-47CD-A547-59261E0A9B00}.Release|x64.Deploy.0 = Release|Any CPU
		{02C92860-DC9C-47CD-A547-59261E0A9B00}.Release|x86.ActiveCfg = Release|Any CPU
		{02C92860-DC9C-47CD-A547-59261E0A9B00}.Release|x86.Build.0 = Release|Any CPU
		{02C92860-DC9C-47CD-A547-59261E0A9B00}.Release|x86.Deploy.0 = Release|Any CPU
		{D52D86F8-F800-4FF7-9968-153647894DEA}.Debug|Any CPU.ActiveCfg = Debug|iPhone
		{D52D86F8-F800-4FF7-9968-153647894DEA}.Debug|Any CPU.Build.0 = Debug|iPhone
		{D52D86F8-F800-4FF7-9968-153647894DEA}.Debug|Any CPU.Deploy.0 = Debug|iPhone
		{D52D86F8-F800-4FF7-9968-153647894DEA}.Debug|ARM.ActiveCfg = Debug|iPhoneSimulator
		{D52D86F8-F800-4FF7-9968-153647894DEA}.Debug|ARM.Build.0 = Debug|iPhoneSimulator
		{D52D86F8-F800-4FF7-9968-153647894DEA}.Debug|ARM.Deploy.0 = Debug|iPhoneSimulator
		{D52D86F8-F800-4FF7-9968-153647894DEA}.Debug|iPhone.ActiveCfg = Debug|iPhone
		{D52D86F8-F800-4FF7-9968-153647894DEA}.Debug|iPhone.Build.0 = Debug|iPhone
		{D52D86F8-F800-4FF7-9968-153647894DEA}.Debug|iPhone.Deploy.0 = Debug|iPhone
		{D52D86F8-F800-4FF7-9968-153647894DEA}.Debug|iPhoneSimulator.ActiveCfg = Debug|iPhoneSimulator
		{D52D86F8-F800-4FF7-9968-153647894DEA}.Debug|iPhoneSimulator.Build.0 = Debug|iPhoneSimulator
		{D52D86F8-F800-4FF7-9968-153647894DEA}.Debug|iPhoneSimulator.Deploy.0 = Debug|iPhoneSimulator
		{D52D86F8-F800-4FF7-9968-153647894DEA}.Debug|x64.ActiveCfg = Debug|iPhone
		{D52D86F8-F800-4FF7-9968-153647894DEA}.Debug|x64.Build.0 = Debug|iPhone
		{D52D86F8-F800-4FF7-9968-153647894DEA}.Debug|x64.Deploy.0 = Debug|iPhone
		{D52D86F8-F800-4FF7-9968-153647894DEA}.Debug|x86.ActiveCfg = Debug|iPhone
		{D52D86F8-F800-4FF7-9968-153647894DEA}.Debug|x86.Build.0 = Debug|iPhone
		{D52D86F8-F800-4FF7-9968-153647894DEA}.Debug|x86.Deploy.0 = Debug|iPhone
		{D52D86F8-F800-4FF7-9968-153647894DEA}.Release|Any CPU.ActiveCfg = Release|iPhone
		{D52D86F8-F800-4FF7-9968-153647894DEA}.Release|Any CPU.Build.0 = Release|iPhone
		{D52D86F8-F800-4FF7-9968-153647894DEA}.Release|Any CPU.Deploy.0 = Release|iPhone
		{D52D86F8-F800-4FF7-9968-153647894DEA}.Release|ARM.ActiveCfg = Release|iPhone
		{D52D86F8-F800-4FF7-9968-153647894DEA}.Release|ARM.Build.0 = Release|iPhone
		{D52D86F8-F800-4FF7-9968-153647894DEA}.Release|ARM.Deploy.0 = Release|iPhone
		{D52D86F8-F800-4FF7-9968-153647894DEA}.Release|iPhone.ActiveCfg = Release|iPhone
		{D52D86F8-F800-4FF7-9968-153647894DEA}.Release|iPhone.Build.0 = Release|iPhone
		{D52D86F8-F800-4FF7-9968-153647894DEA}.Release|iPhone.Deploy.0 = Release|iPhone
		{D52D86F8-F800-4FF7-9968-153647894DEA}.Release|iPhoneSimulator.ActiveCfg = Release|iPhoneSimulator
		{D52D86F8-F800-4FF7-9968-153647894DEA}.Release|iPhoneSimulator.Build.0 = Release|iPhoneSimulator
		{D52D86F8-F800-4FF7-9968-153647894DEA}.Release|iPhoneSimulator.Deploy.0 = Release|iPhoneSimulator
		{D52D86F8-F800-4FF7-9968-153647894DEA}.Release|x64.ActiveCfg = Release|iPhone
		{D52D86F8-F800-4FF7-9968-153647894DEA}.Release|x64.Build.0 = Release|iPhone
		{D52D86F8-F800-4FF7-9968-153647894DEA}.Release|x64.Deploy.0 = Release|iPhone
		{D52D86F8-F800-4FF7-9968-153647894DEA}.Release|x86.ActiveCfg = Release|iPhone
		{D52D86F8-F800-4FF7-9968-153647894DEA}.Release|x86.Build.0 = Release|iPhone
		{D52D86F8-F800-4FF7-9968-153647894DEA}.Release|x86.Deploy.0 = Release|iPhone
		{2C1FB92B-0B73-477C-9454-65B56B38929D}.Debug|Any CPU.ActiveCfg = Debug|Any CPU
		{2C1FB92B-0B73-477C-9454-65B56B38929D}.Debug|Any CPU.Build.0 = Debug|Any CPU
		{2C1FB92B-0B73-477C-9454-65B56B38929D}.Debug|Any CPU.Deploy.0 = Debug|Any CPU
		{2C1FB92B-0B73-477C-9454-65B56B38929D}.Debug|ARM.ActiveCfg = Debug|Any CPU
		{2C1FB92B-0B73-477C-9454-65B56B38929D}.Debug|ARM.Build.0 = Debug|Any CPU
		{2C1FB92B-0B73-477C-9454-65B56B38929D}.Debug|ARM.Deploy.0 = Debug|Any CPU
		{2C1FB92B-0B73-477C-9454-65B56B38929D}.Debug|iPhone.ActiveCfg = Debug|Any CPU
		{2C1FB92B-0B73-477C-9454-65B56B38929D}.Debug|iPhone.Build.0 = Debug|Any CPU
		{2C1FB92B-0B73-477C-9454-65B56B38929D}.Debug|iPhone.Deploy.0 = Debug|Any CPU
		{2C1FB92B-0B73-477C-9454-65B56B38929D}.Debug|iPhoneSimulator.ActiveCfg = Debug|Any CPU
		{2C1FB92B-0B73-477C-9454-65B56B38929D}.Debug|iPhoneSimulator.Build.0 = Debug|Any CPU
		{2C1FB92B-0B73-477C-9454-65B56B38929D}.Debug|iPhoneSimulator.Deploy.0 = Debug|Any CPU
		{2C1FB92B-0B73-477C-9454-65B56B38929D}.Debug|x64.ActiveCfg = Debug|Any CPU
		{2C1FB92B-0B73-477C-9454-65B56B38929D}.Debug|x64.Build.0 = Debug|Any CPU
		{2C1FB92B-0B73-477C-9454-65B56B38929D}.Debug|x64.Deploy.0 = Debug|Any CPU
		{2C1FB92B-0B73-477C-9454-65B56B38929D}.Debug|x86.ActiveCfg = Debug|Any CPU
		{2C1FB92B-0B73-477C-9454-65B56B38929D}.Debug|x86.Build.0 = Debug|Any CPU
		{2C1FB92B-0B73-477C-9454-65B56B38929D}.Debug|x86.Deploy.0 = Debug|Any CPU
		{2C1FB92B-0B73-477C-9454-65B56B38929D}.Release|Any CPU.ActiveCfg = Release|Any CPU
		{2C1FB92B-0B73-477C-9454-65B56B38929D}.Release|Any CPU.Build.0 = Release|Any CPU
		{2C1FB92B-0B73-477C-9454-65B56B38929D}.Release|Any CPU.Deploy.0 = Release|Any CPU
		{2C1FB92B-0B73-477C-9454-65B56B38929D}.Release|ARM.ActiveCfg = Release|Any CPU
		{2C1FB92B-0B73-477C-9454-65B56B38929D}.Release|ARM.Build.0 = Release|Any CPU
		{2C1FB92B-0B73-477C-9454-65B56B38929D}.Release|ARM.Deploy.0 = Release|Any CPU
		{2C1FB92B-0B73-477C-9454-65B56B38929D}.Release|iPhone.ActiveCfg = Release|Any CPU
		{2C1FB92B-0B73-477C-9454-65B56B38929D}.Release|iPhone.Build.0 = Release|Any CPU
		{2C1FB92B-0B73-477C-9454-65B56B38929D}.Release|iPhone.Deploy.0 = Release|Any CPU
		{2C1FB92B-0B73-477C-9454-65B56B38929D}.Release|iPhoneSimulator.ActiveCfg = Release|Any CPU
		{2C1FB92B-0B73-477C-9454-65B56B38929D}.Release|iPhoneSimulator.Build.0 = Release|Any CPU
		{2C1FB92B-0B73-477C-9454-65B56B38929D}.Release|iPhoneSimulator.Deploy.0 = Release|Any CPU
		{2C1FB92B-0B73-477C-9454-65B56B38929D}.Release|x64.ActiveCfg = Release|Any CPU
		{2C1FB92B-0B73-477C-9454-65B56B38929D}.Release|x64.Build.0 = Release|Any CPU
		{2C1FB92B-0B73-477C-9454-65B56B38929D}.Release|x64.Deploy.0 = Release|Any CPU
		{2C1FB92B-0B73-477C-9454-65B56B38929D}.Release|x86.ActiveCfg = Release|Any CPU
		{2C1FB92B-0B73-477C-9454-65B56B38929D}.Release|x86.Build.0 = Release|Any CPU
		{2C1FB92B-0B73-477C-9454-65B56B38929D}.Release|x86.Deploy.0 = Release|Any CPU
	EndGlobalSection
	GlobalSection(SolutionProperties) = preSolution
		HideSolutionNode = FALSE
	EndGlobalSection
	GlobalSection(ExtensibilityGlobals) = postSolution
		SolutionGuid = {4833DAAB-7D84-4F60-B88A-F8B4E08F3B39}
	EndGlobalSection
EndGlobal
